
Microsoft Visual Studio Solution File, Format Version 12.00
# Visual Studio Version 17
VisualStudioVersion = 17.5.002.0
MinimumVisualStudioVersion = 10.0.40219.1
Project("{9A19103F-16F7-4668-BE54-9A1E7A4F7556}") = "CmlLib.Core.Commons", "CmlLib.Core.Commons.csproj", "{559D4E64-5F2F-42CE-8CA8-1075890EE3F1}"
EndProject
Global
	GlobalSection(SolutionConfigurationPlatforms) = preSolution
		Debug|Any CPU = Debug|Any CPU
		Release|Any CPU = Release|Any CPU
	EndGlobalSection
	GlobalSection(ProjectConfigurationPlatforms) = postSolution
		{559D4E64-5F2F-42CE-8CA8-1075890EE3F1}.Debug|Any CPU.ActiveCfg = Debug|Any CPU
		{559D4E64-5F2F-42CE-8CA8-1075890EE3F1}.Debug|Any CPU.Build.0 = Debug|Any CPU
		{559D4E64-5F2F-42CE-8CA8-1075890EE3F1}.Release|Any CPU.ActiveCfg = Release|Any CPU
		{559D4E64-5F2F-42CE-8CA8-1075890EE3F1}.Release|Any CPU.Build.0 = Release|Any CPU
	EndGlobalSection
	GlobalSection(SolutionProperties) = preSolution
		HideSolutionNode = FALSE
	EndGlobalSection
	GlobalSection(ExtensibilityGlobals) = postSolution
		SolutionGuid = {64817A12-9DCD-4BFA-BB81-1C5A75CDD4E0}
	EndGlobalSection
EndGlobal
