
Microsoft Visual Studio Solution File, Format Version 12.00
# Visual Studio Version 18
VisualStudioVersion = 18.3.11527.330 d18.3
MinimumVisualStudioVersion = 10.0.40219.1
Project("{FAE04EC0-301F-11D3-BF4B-00C04F79EFBC}") = "LeafClientInstaller", "LeafClientInstaller.csproj", "{BD616E72-E1B9-201B-8540-2419944D9CA1}"
EndProject
Global
	GlobalSection(SolutionConfigurationPlatforms) = preSolution
		Debug|Any CPU = Debug|Any CPU
		Release|Any CPU = Release|Any CPU
	EndGlobalSection
	GlobalSection(ProjectConfigurationPlatforms) = postSolution
		{BD616E72-E1B9-201B-8540-2419944D9CA1}.Debug|Any CPU.ActiveCfg = Debug|Any CPU
		{BD616E72-E1B9-201B-8540-2419944D9CA1}.Debug|Any CPU.Build.0 = Debug|Any CPU
		{BD616E72-E1B9-201B-8540-2419944D9CA1}.Release|Any CPU.ActiveCfg = Release|Any CPU
		{BD616E72-E1B9-201B-8540-2419944D9CA1}.Release|Any CPU.Build.0 = Release|Any CPU
	EndGlobalSection
	GlobalSection(SolutionProperties) = preSolution
		HideSolutionNode = FALSE
	EndGlobalSection
	GlobalSection(ExtensibilityGlobals) = postSolution
		SolutionGuid = {EF730489-F94B-48A2-92BF-FE1876AA4C4B}
	EndGlobalSection
EndGlobal
